
Microsoft Visual Studio Solution File, Format Version 12.00
# Visual Studio Version 17
VisualStudioVersion = 17.10.35013.160
MinimumVisualStudioVersion = 10.0.40219.1
Project("{FAE04EC0-301F-11D3-BF4B-00C04F79EFBC}") = "NotesApp.Model", "NotesApp.Model\NotesApp.Model.csproj", "{9E9232A3-8A6C-4DFE-AD0E-69ABA8217D42}"
EndProject
Project("{FAE04EC0-301F-11D3-BF4B-00C04F79EFBC}") = "NotesApp.Repository", "NotesApp.Repository\NotesApp.Repository.csproj", "{F4942594-A457-478E-A505-444C9F55A460}"
EndProject
Project("{FAE04EC0-301F-11D3-BF4B-00C04F79EFBC}") = "NotesApp.Service", "NotesApp.Service\NotesApp.Service.csproj", "{54F57CAF-A045-419B-A0B3-5E78ED8C0BF7}"
EndProject
Project("{FAE04EC0-301F-11D3-BF4B-00C04F79EFBC}") = "NotesApp.Api", "NotesApp.Api\NotesApp.Api.csproj", "{EA40B174-E807-4438-828B-1C2BC4DF8B6F}"
EndProject
Global
	GlobalSection(SolutionConfigurationPlatforms) = preSolution
		Debug|Any CPU = Debug|Any CPU
		Release|Any CPU = Release|Any CPU
	EndGlobalSection
	GlobalSection(ProjectConfigurationPlatforms) = postSolution
		{9E9232A3-8A6C-4DFE-AD0E-69ABA8217D42}.Debug|Any CPU.ActiveCfg = Debug|Any CPU
		{9E9232A3-8A6C-4DFE-AD0E-69ABA8217D42}.Debug|Any CPU.Build.0 = Debug|Any CPU
		{9E9232A3-8A6C-4DFE-AD0E-69ABA8217D42}.Release|Any CPU.ActiveCfg = Release|Any CPU
		{9E9232A3-8A6C-4DFE-AD0E-69ABA8217D42}.Release|Any CPU.Build.0 = Release|Any CPU
		{F4942594-A457-478E-A505-444C9F55A460}.Debug|Any CPU.ActiveCfg = Debug|Any CPU
		{F4942594-A457-478E-A505-444C9F55A460}.Debug|Any CPU.Build.0 = Debug|Any CPU
		{F4942594-A457-478E-A505-444C9F55A460}.Release|Any CPU.ActiveCfg = Release|Any CPU
		{F4942594-A457-478E-A505-444C9F55A460}.Release|Any CPU.Build.0 = Release|Any CPU
		{54F57CAF-A045-419B-A0B3-5E78ED8C0BF7}.Debug|Any CPU.ActiveCfg = Debug|Any CPU
		{54F57CAF-A045-419B-A0B3-5E78ED8C0BF7}.Debug|Any CPU.Build.0 = Debug|Any CPU
		{54F57CAF-A045-419B-A0B3-5E78ED8C0BF7}.Release|Any CPU.ActiveCfg = Release|Any CPU
		{54F57CAF-A045-419B-A0B3-5E78ED8C0BF7}.Release|Any CPU.Build.0 = Release|Any CPU
		{EA40B174-E807-4438-828B-1C2BC4DF8B6F}.Debug|Any CPU.ActiveCfg = Debug|Any CPU
		{EA40B174-E807-4438-828B-1C2BC4DF8B6F}.Debug|Any CPU.Build.0 = Debug|Any CPU
		{EA40B174-E807-4438-828B-1C2BC4DF8B6F}.Release|Any CPU.ActiveCfg = Release|Any CPU
		{EA40B174-E807-4438-828B-1C2BC4DF8B6F}.Release|Any CPU.Build.0 = Release|Any CPU
	EndGlobalSection
	GlobalSection(SolutionProperties) = preSolution
		HideSolutionNode = FALSE
	EndGlobalSection
	GlobalSection(ExtensibilityGlobals) = postSolution
		SolutionGuid = {2E0EAD83-C058-4356-9508-31C1C8015C42}
	EndGlobalSection
EndGlobal
